
Microsoft Visual Studio Solution File, Format Version 12.00
# Visual Studio 15
VisualStudioVersion = 15.0.27004.2002
MinimumVisualStudioVersion = 10.0.40219.1
Project("{FAE04EC0-301F-11D3-BF4B-00C04F79EFBC}") = "ParameterIndexer", "ParameterIndexer\ParameterIndexer.csproj", "{C6D361A0-59F5-4C03-A3DE-D1DA1D5A8A08}"
EndProject
Global
	GlobalSection(SolutionConfigurationPlatforms) = preSolution
		Debug|Any CPU = Debug|Any CPU
		Release|Any CPU = Release|Any CPU
	EndGlobalSection
	GlobalSection(ProjectConfigurationPlatforms) = postSolution
		{C6D361A0-59F5-4C03-A3DE-D1DA1D5A8A08}.Debug|Any CPU.ActiveCfg = Debug|Any CPU
		{C6D361A0-59F5-4C03-A3DE-D1DA1D5A8A08}.Debug|Any CPU.Build.0 = Debug|Any CPU
		{C6D361A0-59F5-4C03-A3DE-D1DA1D5A8A08}.Release|Any CPU.ActiveCfg = Release|Any CPU
		{C6D361A0-59F5-4C03-A3DE-D1DA1D5A8A08}.Release|Any CPU.Build.0 = Release|Any CPU
	EndGlobalSection
	GlobalSection(SolutionProperties) = preSolution
		HideSolutionNode = FALSE
	EndGlobalSection
	GlobalSection(ExtensibilityGlobals) = postSolution
		SolutionGuid = {10E20725-3F01-4F1B-A5DE-C408C80791B1}
	EndGlobalSection
EndGlobal
