
Microsoft Visual Studio Solution File, Format Version 12.00
# Visual Studio 15
VisualStudioVersion = 15.0.27004.2002
MinimumVisualStudioVersion = 10.0.40219.1
Project("{FAE04EC0-301F-11D3-BF4B-00C04F79EFBC}") = "Generic_Class", "Generic_Class\Generic_Class.csproj", "{B8987CB2-C710-4D5C-B51C-FF35B22890DD}"
EndProject
Global
	GlobalSection(SolutionConfigurationPlatforms) = preSolution
		Debug|Any CPU = Debug|Any CPU
		Release|Any CPU = Release|Any CPU
	EndGlobalSection
	GlobalSection(ProjectConfigurationPlatforms) = postSolution
		{B8987CB2-C710-4D5C-B51C-FF35B22890DD}.Debug|Any CPU.ActiveCfg = Debug|Any CPU
		{B8987CB2-C710-4D5C-B51C-FF35B22890DD}.Debug|Any CPU.Build.0 = Debug|Any CPU
		{B8987CB2-C710-4D5C-B51C-FF35B22890DD}.Release|Any CPU.ActiveCfg = Release|Any CPU
		{B8987CB2-C710-4D5C-B51C-FF35B22890DD}.Release|Any CPU.Build.0 = Release|Any CPU
	EndGlobalSection
	GlobalSection(SolutionProperties) = preSolution
		HideSolutionNode = FALSE
	EndGlobalSection
	GlobalSection(ExtensibilityGlobals) = postSolution
		SolutionGuid = {255F8944-EF29-4306-9AE0-3E3FB54E60B9}
	EndGlobalSection
EndGlobal
