
Microsoft Visual Studio Solution File, Format Version 12.00
# Visual Studio 15
VisualStudioVersion = 15.0.27004.2002
MinimumVisualStudioVersion = 10.0.40219.1
Project("{FAE04EC0-301F-11D3-BF4B-00C04F79EFBC}") = "IndexOutofBound", "IndexOutofBound\IndexOutofBound.csproj", "{C0D0BB3A-B9A8-45BC-B3D1-11FFB029AB5E}"
EndProject
Global
	GlobalSection(SolutionConfigurationPlatforms) = preSolution
		Debug|Any CPU = Debug|Any CPU
		Release|Any CPU = Release|Any CPU
	EndGlobalSection
	GlobalSection(ProjectConfigurationPlatforms) = postSolution
		{C0D0BB3A-B9A8-45BC-B3D1-11FFB029AB5E}.Debug|Any CPU.ActiveCfg = Debug|Any CPU
		{C0D0BB3A-B9A8-45BC-B3D1-11FFB029AB5E}.Debug|Any CPU.Build.0 = Debug|Any CPU
		{C0D0BB3A-B9A8-45BC-B3D1-11FFB029AB5E}.Release|Any CPU.ActiveCfg = Release|Any CPU
		{C0D0BB3A-B9A8-45BC-B3D1-11FFB029AB5E}.Release|Any CPU.Build.0 = Release|Any CPU
	EndGlobalSection
	GlobalSection(SolutionProperties) = preSolution
		HideSolutionNode = FALSE
	EndGlobalSection
	GlobalSection(ExtensibilityGlobals) = postSolution
		SolutionGuid = {AE2D675A-20D3-4A25-ACDC-4DD98D37D067}
	EndGlobalSection
EndGlobal
